
Microsoft Visual Studio Solution File, Format Version 12.00
# Visual Studio Version 17
VisualStudioVersion = 17.10.35013.160
MinimumVisualStudioVersion = 10.0.40219.1
Project("{FAE04EC0-301F-11D3-BF4B-00C04F79EFBC}") = "WebApp", "WebApp\WebApp.csproj", "{353418F6-4053-4384-A487-DDFCD1D54F87}"
EndProject
Global
	GlobalSection(SolutionConfigurationPlatforms) = preSolution
		Debug|Any CPU = Debug|Any CPU
		Release|Any CPU = Release|Any CPU
	EndGlobalSection
	GlobalSection(ProjectConfigurationPlatforms) = postSolution
		{353418F6-4053-4384-A487-DDFCD1D54F87}.Debug|Any CPU.ActiveCfg = Debug|Any CPU
		{353418F6-4053-4384-A487-DDFCD1D54F87}.Debug|Any CPU.Build.0 = Debug|Any CPU
		{353418F6-4053-4384-A487-DDFCD1D54F87}.Release|Any CPU.ActiveCfg = Release|Any CPU
		{353418F6-4053-4384-A487-DDFCD1D54F87}.Release|Any CPU.Build.0 = Release|Any CPU
	EndGlobalSection
	GlobalSection(SolutionProperties) = preSolution
		HideSolutionNode = FALSE
	EndGlobalSection
	GlobalSection(ExtensibilityGlobals) = postSolution
		SolutionGuid = {9A7C9ECB-A216-4E8F-825F-67AA31865EF6}
	EndGlobalSection
EndGlobal
